// !$*UTF8*$!
{
	archiveVersion = 1;
	classes = {
	};
	objectVersion = 46;
	objects = {

/* Begin PBXBuildFile section */
		7524AF851CE761AC001AD02D /* AppDelegate.swift in Sources */ = {isa = PBXBuildFile; fileRef = 7524AF841CE761AC001AD02D /* AppDelegate.swift */; };
		7524AF871CE761AC001AD02D /* ViewController.swift in Sources */ = {isa = PBXBuildFile; fileRef = 7524AF861CE761AC001AD02D /* ViewController.swift */; };
		7524AF8A1CE761AC001AD02D /* Main.storyboard in Resources */ = {isa = PBXBuildFile; fileRef = 7524AF881CE761AC001AD02D /* Main.storyboard */; };
		7524AF8C1CE761AD001AD02D /* Assets.xcassets in Resources */ = {isa = PBXBuildFile; fileRef = 7524AF8B1CE761AD001AD02D /* Assets.xcassets */; };
		7524AF8F1CE761AD001AD02D /* LaunchScreen.storyboard in Resources */ = {isa = PBXBuildFile; fileRef = 7524AF8D1CE761AD001AD02D /* LaunchScreen.storyboard */; };
		7524AF971CE7747B001AD02D /* pokemon.csv in Resources */ = {isa = PBXBuildFile; fileRef = 7524AF961CE7747B001AD02D /* pokemon.csv */; };
/* End PBXBuildFile section */

/* Begin PBXFileReference section */
		7524AF811CE761AC001AD02D /* Pokedex.app */ = {isa = PBXFileReference; explicitFileType = wrapper.application; includeInIndex = 0; path = Pokedex.app; sourceTree = BUILT_PRODUCTS_DIR; };
		7524AF841CE761AC001AD02D /* AppDelegate.swift */ = {isa = PBXFileReference; lastKnownFileType = sourcecode.swift; path = AppDelegate.swift; sourceTree = "<group>"; };
		7524AF861CE761AC001AD02D /* ViewController.swift */ = {isa = PBXFileReference; lastKnownFileType = sourcecode.swift; path = ViewController.swift; sourceTree = "<group>"; };
		7524AF891CE761AC001AD02D /* Base */ = {isa = PBXFileReference; lastKnownFileType = file.storyboard; name = Base; path = Base.lproj/Main.storyboard; sourceTree = "<group>"; };
		7524AF8B1CE761AD001AD02D /* Assets.xcassets */ = {isa = PBXFileReference; lastKnownFileType = folder.assetcatalog; path = Assets.xcassets; sourceTree = "<group>"; };
		7524AF8E1CE761AD001AD02D /* Base */ = {isa = PBXFileReference; lastKnownFileType = file.storyboard; name = Base; path = Base.lproj/LaunchScreen.storyboard; sourceTree = "<group>"; };
		7524AF901CE761AD001AD02D /* Info.plist */ = {isa = PBXFileReference; lastKnownFileType = text.plist.xml; path = Info.plist; sourceTree = "<group>"; };
		7524AF961CE7747B001AD02D /* pokemon.csv */ = {isa = PBXFileReference; fileEncoding = 4; lastKnownFileType = text; path = pokemon.csv; sourceTree = "<group>"; };
/* End PBXFileReference section */

/* Begin PBXFrameworksBuildPhase section */
		7524AF7E1CE761AC001AD02D /* Frameworks */ = {
			isa = PBXFrameworksBuildPhase;
			buildActionMask = 2147483647;
			files = (
			);
			runOnlyForDeploymentPostprocessing = 0;
		};
/* End PBXFrameworksBuildPhase section */

/* Begin PBXGroup section */
		7524AF781CE761AC001AD02D = {
			isa = PBXGroup;
			children = (
				7524AF831CE761AC001AD02D /* Pokedex */,
				7524AF821CE761AC001AD02D /* Products */,
			);
			sourceTree = "<group>";
		};
		7524AF821CE761AC001AD02D /* Products */ = {
			isa = PBXGroup;
			children = (
				7524AF811CE761AC001AD02D /* Pokedex.app */,
			);
			name = Products;
			sourceTree = "<group>";
		};
		7524AF831CE761AC001AD02D /* Pokedex */ = {
			isa = PBXGroup;
			children = (
				7524AF841CE761AC001AD02D /* AppDelegate.swift */,
				7524AF861CE761AC001AD02D /* ViewController.swift */,
				7524AF961CE7747B001AD02D /* pokemon.csv */,
				7524AF881CE761AC001AD02D /* Main.storyboard */,
				7524AF8B1CE761AD001AD02D /* Assets.xcassets */,
				7524AF8D1CE761AD001AD02D /* LaunchScreen.storyboard */,
				7524AF901CE761AD001AD02D /* Info.plist */,
			);
			path = Pokedex;
			sourceTree = "<group>";
		};
/* End PBXGroup section */

/* Begin PBXNativeTarget section */
		7524AF801CE761AC001AD02D /* Pokedex */ = {
			isa = PBXNativeTarget;
			buildConfigurationList = 7524AF931CE761AD001AD02D /* Build configuration list for PBXNativeTarget "Pokedex" */;
			buildPhases = (
				7524AF7D1CE761AC001AD02D /* Sources */,
				7524AF7E1CE761AC001AD02D /* Frameworks */,
				7524AF7F1CE761AC001AD02D /* Resources */,
			);
			buildRules = (
			);
			dependencies = (
			);
			name = Pokedex;
			productName = Pokedex;
			productReference = 7524AF811CE761AC001AD02D /* Pokedex.app */;
			productType = "com.apple.product-type.application";
		};
/* End PBXNativeTarget section */

/* Begin PBXProject section */
		7524AF791CE761AC001AD02D /* Project object */ = {
			isa = PBXProject;
			attributes = {
				LastSwiftUpdateCheck = 0730;
				LastUpgradeCheck = 0730;
				ORGANIZATIONNAME = "Black Spider";
				TargetAttributes = {
					7524AF801CE761AC001AD02D = {
						CreatedOnToolsVersion = 7.3.1;
					};
				};
			};
			buildConfigurationList = 7524AF7C1CE761AC001AD02D /* Build configuration list for PBXProject "Pokedex" */;
			compatibilityVersion = "Xcode 3.2";
			developmentRegion = English;
			hasScannedForEncodings = 0;
			knownRegions = (
				en,
				Base,
			);
			mainGroup = 7524AF781CE761AC001AD02D;
			productRefGroup = 7524AF821CE761AC001AD02D /* Products */;
			projectDirPath = "";
			projectRoot = "";
			targets = (
				7524AF801CE761AC001AD02D /* Pokedex */,
			);
		};
/* End PBXProject section */

/* Begin PBXResourcesBuildPhase section */
		7524AF7F1CE761AC001AD02D /* Resources */ = {
			isa = PBXResourcesBuildPhase;
			buildActionMask = 2147483647;
			files = (
				7524AF8F1CE761AD001AD02D /* LaunchScreen.storyboard in Resources */,
				7524AF8C1CE761AD001AD02D /* Assets.xcassets in Resources */,
				7524AF971CE7747B001AD02D /* pokemon.csv in Resources */,
				7524AF8A1CE761AC001AD02D /* Main.storyboard in Resources */,
			);
			runOnlyForDeploymentPostprocessing = 0;
		};
/* End PBXResourcesBuildPhase section */

/* Begin PBXSourcesBuildPhase section */
		7524AF7D1CE761AC001AD02D /* Sources */ = {
			isa = PBXSourcesBuildPhase;
			buildActionMask = 2147483647;
			files = (
				7524AF871CE761AC001AD02D /* ViewController.swift in Sources */,
				7524AF851CE761AC001AD02D /* AppDelegate.swift in Sources */,
			);
			runOnlyForDeploymentPostprocessing = 0;
		};
/* End PBXSourcesBuildPhase section */

/* Begin PBXVariantGroup section */
		7524AF881CE761AC001AD02D /* Main.storyboard */ = {
			isa = PBXVariantGroup;
			children = (
				7524AF891CE761AC001AD02D /* Base */,
			);
			name = Main.storyboard;
			sourceTree = "<group>";
		};
		7524AF8D1CE761AD001AD02D /* LaunchScreen.storyboard */ = {
			isa = PBXVariantGroup;
			children = (
				7524AF8E1CE761AD001AD02D /* Base */,
			);
			name = LaunchScreen.storyboard;
			sourceTree = "<group>";
		};
/* End PBXVariantGroup section */

/* Begin XCBuildConfiguration section */
		7524AF911CE761AD001AD02D /* Debug */ = {
			isa = XCBuildConfiguration;
			buildSettings = {
				ALWAYS_SEARCH_USER_PATHS = NO;
				CLANG_ANALYZER_NONNULL = YES;
				CLANG_CXX_LANGUAGE_STANDARD = "gnu++0x";
				CLANG_CXX_LIBRARY = "libc++";
				CLANG_ENABLE_MODULES = YES;
				CLANG_ENABLE_OBJC_ARC = YES;
				CLANG_WARN_BOOL_CONVERSION = YES;
				CLANG_WARN_CONSTANT_CONVERSION = YES;
				CLANG_WARN_DIRECT_OBJC_ISA_USAGE = YES_ERROR;
				CLANG_WARN_EMPTY_BODY = YES;
				CLANG_WARN_ENUM_CONVERSION = YES;
				CLANG_WARN_INT_CONVERSION = YES;
				CLANG_WARN_OBJC_ROOT_CLASS = YES_ERROR;
				CLANG_WARN_UNREACHABLE_CODE = YES;
				CLANG_WARN__DUPLICATE_METHOD_MATCH = YES;
				"CODE_SIGN_IDENTITY[sdk=iphoneos*]" = "iPhone Developer";
				COPY_PHASE_STRIP = NO;
				DEBUG_INFORMATION_FORMAT = dwarf;
				ENABLE_STRICT_OBJC_MSGSEND = YES;
				ENABLE_TESTABILITY = YES;
				GCC_C_LANGUAGE_STANDARD = gnu99;
				GCC_DYNAMIC_NO_PIC = NO;
				GCC_NO_COMMON_BLOCKS = YES;
				GCC_OPTIMIZATION_LEVEL = 0;
				GCC_PREPROCESSOR_DEFINITIONS = (
					"DEBUG=1",
					"$(inherited)",
				);
				GCC_WARN_64_TO_32_BIT_CONVERSION = YES;
				GCC_WARN_ABOUT_RETURN_TYPE = YES_ERROR;
				GCC_WARN_UNDECLARED_SELECTOR = YES;
				GCC_WARN_UNINITIALIZED_AUTOS = YES_AGGRESSIVE;
				GCC_WARN_UNUSED_FUNCTION = YES;
				GCC_WARN_UNUSED_VARIABLE = YES;
				IPHONEOS_DEPLOYMENT_TARGET = 9.3;
				MTL_ENABLE_DEBUG_INFO = YES;
				ONLY_ACTIVE_ARCH = YES;
				SDKROOT = iphoneos;
				SWIFT_OPTIMIZATION_LEVEL = "-Onone";
				TARGETED_DEVICE_FAMILY = "1,2";
			};
			name = Debug;
		};
		7524AF921CE761AD001AD02D /* Release */ = {
			isa = XCBuildConfiguration;
			buildSettings = {
				ALWAYS_SEARCH_USER_PATHS = NO;
				CLANG_ANALYZER_NONNULL = YES;
				CLANG_CXX_LANGUAGE_STANDARD = "gnu++0x";
				CLANG_CXX_LIBRARY = "libc++";
				CLANG_ENABLE_MODULES = YES;
				CLANG_ENABLE_OBJC_ARC = YES;
				CLANG_WARN_BOOL_CONVERSION = YES;
				CLANG_WARN_CONSTANT_CONVERSION = YES;
				CLANG_WARN_DIRECT_OBJC_ISA_USAGE = YES_ERROR;
				CLANG_WARN_EMPTY_BODY = YES;
				CLANG_WARN_ENUM_CONVERSION = YES;
				CLANG_WARN_INT_CONVERSION = YES;
				CLANG_WARN_OBJC_ROOT_CLASS = YES_ERROR;
				CLANG_WARN_UNREACHABLE_CODE = YES;
				CLANG_WARN__DUPLICATE_METHOD_MATCH = YES;
				"CODE_SIGN_IDENTITY[sdk=iphoneos*]" = "iPhone Developer";
				COPY_PHASE_STRIP = NO;
				DEBUG_INFORMATION_FORMAT = "dwarf-with-dsym";
				ENABLE_NS_ASSERTIONS = NO;
				ENABLE_STRICT_OBJC_MSGSEND = YES;
				GCC_C_LANGUAGE_STANDARD = gnu99;
				GCC_NO_COMMON_BLOCKS = YES;
				GCC_WARN_64_TO_32_BIT_CONVERSION = YES;
				GCC_WARN_ABOUT_RETURN_TYPE = YES_ERROR;
				GCC_WARN_UNDECLARED_SELECTOR = YES;
				GCC_WARN_UNINITIALIZED_AUTOS = YES_AGGRESSIVE;
				GCC_WARN_UNUSED_FUNCTION = YES;
				GCC_WARN_UNUSED_VARIABLE = YES;
				IPHONEOS_DEPLOYMENT_TARGET = 9.3;
				MTL_ENABLE_DEBUG_INFO = NO;
				SDKROOT = iphoneos;
				TARGETED_DEVICE_FAMILY = "1,2";
				VALIDATE_PRODUCT = YES;
			};
			name = Release;
		};
		7524AF941CE761AD001AD02D /* Debug */ = {
			isa = XCBuildConfiguration;
			buildSettings = {
				ASSETCATALOG_COMPILER_APPICON_NAME = AppIcon;
				INFOPLIST_FILE = Pokedex/Info.plist;
				LD_RUNPATH_SEARCH_PATHS = "$(inherited) @executable_path/Frameworks";
				PRODUCT_BUNDLE_IDENTIFIER = com.Jamrocx.Pokedex;
				PRODUCT_NAME = "$(TARGET_NAME)";
			};
			name = Debug;
		};
		7524AF951CE761AD001AD02D /* Release */ = {
			isa = XCBuildConfiguration;
			buildSettings = {
				ASSETCATALOG_COMPILER_APPICON_NAME = AppIcon;
				INFOPLIST_FILE = Pokedex/Info.plist;
				LD_RUNPATH_SEARCH_PATHS = "$(inherited) @executable_path/Frameworks";
				PRODUCT_BUNDLE_IDENTIFIER = com.Jamrocx.Pokedex;
				PRODUCT_NAME = "$(TARGET_NAME)";
			};
			name = Release;
		};
/* End XCBuildConfiguration section */

/* Begin XCConfigurationList section */
		7524AF7C1CE761AC001AD02D /* Build configuration list for PBXProject "Pokedex" */ = {
			isa = XCConfigurationList;
			buildConfigurations = (
				7524AF911CE761AD001AD02D /* Debug */,
				7524AF921CE761AD001AD02D /* Release */,
			);
			defaultConfigurationIsVisible = 0;
			defaultConfigurationName = Release;
		};
		7524AF931CE761AD001AD02D /* Build configuration list for PBXNativeTarget "Pokedex" */ = {
			isa = XCConfigurationList;
			buildConfigurations = (
				7524AF941CE761AD001AD02D /* Debug */,
				7524AF951CE761AD001AD02D /* Release */,
			);
			defaultConfigurationIsVisible = 0;
		};
/* End XCConfigurationList section */
	};
	rootObject = 7524AF791CE761AC001AD02D /* Project object */;
}
